<?xml version="1.0" encoding="utf-8"?>
<Project ToolsVersion="4.0" xmlns="http://schemas.microsoft.com/developer/msbuild/2003">
  <ItemGroup>
    <Filter Include="Source Files">
      <UniqueIdentifier>{4FC737F1-C7A5-4376-A066-2A32D752A2FF}</UniqueIdentifier>
      <Extensions>cpp;c;cc;cxx;c++;cppm;ixx;def;odl;idl;hpj;bat;asm;asmx</Extensions>
    </Filter>
    <Filter Include="Header Files">
      <UniqueIdentifier>{93995380-89BD-4b04-88EB-625FBE52EBFB}</UniqueIdentifier>
      <Extensions>h;hh;hpp;hxx;h++;hm;inl;inc;ipp;xsd</Extensions>
    </Filter>
    <Filter Include="Resource Files">
      <UniqueIdentifier>{67DA6AB6-F800-4c08-8B7A-83BB121AAD01}</UniqueIdentifier>
      <Extensions>rc;ico;cur;bmp;dlg;rc2;rct;bin;rgs;gif;jpg;jpeg;jpe;resx;tiff;tif;png;wav;mfcribbon-ms</Extensions>
    </Filter>
    <Filter Include="Resource Files\Asteriods">
      <UniqueIdentifier>{e92e260d-5005-4ffc-9860-d39ebaec9b64}</UniqueIdentifier>
    </Filter>
    <Filter Include="Resource Files\Background">
      <UniqueIdentifier>{58025c79-0e45-42a8-a414-6c79031779d5}</UniqueIdentifier>
    </Filter>
    <Filter Include="Resource Files\Enemies">
      <UniqueIdentifier>{d872be58-2c16-49ef-ae51-f5ed8cf2c1f9}</UniqueIdentifier>
    </Filter>
    <Filter Include="Resource Files\Hud">
      <UniqueIdentifier>{3b78f673-3654-46aa-b689-bde9ef748664}</UniqueIdentifier>
    </Filter>
    <Filter Include="Resource Files\Mainplayer">
      <UniqueIdentifier>{29295f57-e21d-4c6e-a17f-8d4968ffce11}</UniqueIdentifier>
    </Filter>
    <Filter Include="Resource Files\Misc">
      <UniqueIdentifier>{387f3be3-b943-426b-8ac7-b23c2797d82a}</UniqueIdentifier>
    </Filter>
    <Filter Include="Resource Files\Data">
      <UniqueIdentifier>{00474711-9420-4c64-9ea8-ac70c9422e9a}</UniqueIdentifier>
    </Filter>
    <Filter Include="Header Files\Actors">
      <UniqueIdentifier>{f3b085a6-c4a6-4de7-a28c-492e221edb53}</UniqueIdentifier>
    </Filter>
    <Filter Include="Header Files\Systems">
      <UniqueIdentifier>{e4d9ad9b-8107-46ee-afe1-c7af46ec7a92}</UniqueIdentifier>
    </Filter>
    <Filter Include="Source Files\Actors">
      <UniqueIdentifier>{8f0ab97d-4659-41bb-b26a-badc175e744f}</UniqueIdentifier>
    </Filter>
    <Filter Include="Source Files\Systems">
      <UniqueIdentifier>{2a422eec-b199-4dc8-b61e-b0aedb49f803}</UniqueIdentifier>
    </Filter>
  </ItemGroup>
  <ItemGroup>
    <Image Include="Asteroids\meteorBig.png">
      <Filter>Resource Files\Asteriods</Filter>
    </Image>
    <Image Include="Asteroids\meteorSmall.png">
      <Filter>Resource Files\Asteriods</Filter>
    </Image>
    <Image Include="Background\backgroundColor.png">
      <Filter>Resource Files\Background</Filter>
    </Image>
    <Image Include="Background\nebula.png">
      <Filter>Resource Files\Background</Filter>
    </Image>
    <Image Include="Background\speedLine.png">
      <Filter>Resource Files\Background</Filter>
    </Image>
    <Image Include="Background\starBackground.png">
      <Filter>Resource Files\Background</Filter>
    </Image>
    <Image Include="Background\starBig.png">
      <Filter>Resource Files\Background</Filter>
    </Image>
    <Image Include="Background\starSmall.png">
      <Filter>Resource Files\Background</Filter>
    </Image>
    <Image Include="Enemies\enemyShip.png">
      <Filter>Resource Files\Enemies</Filter>
    </Image>
    <Image Include="Enemies\enemyUFO.png">
      <Filter>Resource Files\Enemies</Filter>
    </Image>
    <Image Include="Enemies\laserRed.png">
      <Filter>Resource Files\Enemies</Filter>
    </Image>
    <Image Include="Enemies\laserRedShot.png">
      <Filter>Resource Files\Enemies</Filter>
    </Image>
    <Image Include="Hud\life.png">
      <Filter>Resource Files\Hud</Filter>
    </Image>
    <Image Include="Mainplayer\laserGreen.png">
      <Filter>Resource Files\Mainplayer</Filter>
    </Image>
    <Image Include="Mainplayer\laserGreenShot.png">
      <Filter>Resource Files\Mainplayer</Filter>
    </Image>
    <Image Include="Mainplayer\player.png">
      <Filter>Resource Files\Mainplayer</Filter>
    </Image>
    <Image Include="Mainplayer\playerDamaged.png">
      <Filter>Resource Files\Mainplayer</Filter>
    </Image>
    <Image Include="Mainplayer\playerDamaged_2.png">
      <Filter>Resource Files\Mainplayer</Filter>
    </Image>
    <Image Include="Misc\boom3_0.png">
      <Filter>Resource Files\Misc</Filter>
    </Image>
    <Image Include="Misc\exp2_0.png">
      <Filter>Resource Files\Misc</Filter>
    </Image>
  </ItemGroup>
  <ItemGroup>
    <Font Include="Hud\cour.ttf">
      <Filter>Resource Files\Hud</Filter>
    </Font>
    <Font Include="Hud\courbd.ttf">
      <Filter>Resource Files\Hud</Filter>
    </Font>
    <Font Include="Hud\courbi.ttf">
      <Filter>Resource Files\Hud</Filter>
    </Font>
    <Font Include="Hud\couri.ttf">
      <Filter>Resource Files\Hud</Filter>
    </Font>
    <Font Include="Hud\SourceCodePro-Medium.ttf">
      <Filter>Resource Files\Hud</Filter>
    </Font>
    <Font Include="Hud\SpaceMono-Regular.ttf">
      <Filter>Resource Files\Hud</Filter>
    </Font>
  </ItemGroup>
  <ItemGroup>
    <ClCompile Include="main.cpp">
      <Filter>Source Files</Filter>
    </ClCompile>
    <ClCompile Include="Actor.cpp">
      <Filter>Source Files\Actors</Filter>
    </ClCompile>
    <ClCompile Include="AsteroidBig.cpp">
      <Filter>Source Files\Actors</Filter>
    </ClCompile>
    <ClCompile Include="Asteroid.cpp">
      <Filter>Source Files\Actors</Filter>
    </ClCompile>
    <ClCompile Include="EnemyA.cpp">
      <Filter>Source Files\Actors</Filter>
    </ClCompile>
    <ClCompile Include="EnemyB.cpp">
      <Filter>Source Files\Actors</Filter>
    </ClCompile>
    <ClCompile Include="Laser.cpp">
      <Filter>Source Files\Actors</Filter>
    </ClCompile>
    <ClCompile Include="Player.cpp">
      <Filter>Source Files\Actors</Filter>
    </ClCompile>
    <ClCompile Include="GameTime.cpp">
      <Filter>Source Files\Systems</Filter>
    </ClCompile>
    <ClCompile Include="ActorManager.cpp">
      <Filter>Source Files\Systems</Filter>
    </ClCompile>
    <ClCompile Include="EnemyFactory.cpp">
      <Filter>Source Files\Systems</Filter>
    </ClCompile>
    <ClCompile Include="Game.cpp">
      <Filter>Source Files</Filter>
    </ClCompile>
    <ClCompile Include="InputHandler.cpp">
      <Filter>Source Files\Systems</Filter>
    </ClCompile>
    <ClCompile Include="json.cpp">
      <Filter>Source Files\Systems</Filter>
    </ClCompile>
    <ClCompile Include="RenderHandler.cpp">
      <Filter>Source Files\Systems</Filter>
    </ClCompile>
    <ClCompile Include="TextureManager.cpp">
      <Filter>Source Files\Systems</Filter>
    </ClCompile>
    <ClCompile Include="UIDisplay.cpp">
      <Filter>Source Files\Systems</Filter>
    </ClCompile>
    <ClCompile Include="EnemyLaserA.cpp">
      <Filter>Source Files\Actors</Filter>
    </ClCompile>
    <ClCompile Include="EnemyLaserB.cpp">
      <Filter>Source Files\Actors</Filter>
    </ClCompile>
  </ItemGroup>
  <ItemGroup>
    <ClInclude Include="Actor.h">
      <Filter>Header Files\Actors</Filter>
    </ClInclude>
    <ClInclude Include="EnemyA.h">
      <Filter>Header Files\Actors</Filter>
    </ClInclude>
    <ClInclude Include="EnemyB.h">
      <Filter>Header Files\Actors</Filter>
    </ClInclude>
    <ClInclude Include="Asteroid.h">
      <Filter>Header Files\Actors</Filter>
    </ClInclude>
    <ClInclude Include="EnemyFactory.h">
      <Filter>Header Files\Actors</Filter>
    </ClInclude>
    <ClInclude Include="AsteroidBig.h">
      <Filter>Header Files\Actors</Filter>
    </ClInclude>
    <ClInclude Include="Laser.h">
      <Filter>Header Files\Actors</Filter>
    </ClInclude>
    <ClInclude Include="InputHandler.h">
      <Filter>Header Files\Systems</Filter>
    </ClInclude>
    <ClInclude Include="RenderHandler.h">
      <Filter>Header Files\Systems</Filter>
    </ClInclude>
    <ClInclude Include="TextureManager.h">
      <Filter>Header Files\Systems</Filter>
    </ClInclude>
    <ClInclude Include="UIDisplay.h">
      <Filter>Header Files\Systems</Filter>
    </ClInclude>
    <ClInclude Include="GameTime.h">
      <Filter>Header Files\Systems</Filter>
    </ClInclude>
    <ClInclude Include="json.h">
      <Filter>Header Files\Systems</Filter>
    </ClInclude>
    <ClInclude Include="Player.h">
      <Filter>Header Files\Actors</Filter>
    </ClInclude>
    <ClInclude Include="Game.h">
      <Filter>Header Files</Filter>
    </ClInclude>
    <ClInclude Include="ActorManager.h">
      <Filter>Header Files\Systems</Filter>
    </ClInclude>
    <ClInclude Include="EnemyLaserA.h">
      <Filter>Header Files\Actors</Filter>
    </ClInclude>
    <ClInclude Include="Ship.h">
      <Filter>Header Files\Actors</Filter>
    </ClInclude>
    <ClInclude Include="EnemyLaserB.h">
      <Filter>Header Files\Actors</Filter>
    </ClInclude>
  </ItemGroup>
  <ItemGroup>
    <None Include="Data\Asteroid.json">
      <Filter>Resource Files\Data</Filter>
    </None>
    <None Include="Data\EnemyShipA.json">
      <Filter>Resource Files\Data</Filter>
    </None>
    <None Include="Data\Player.json">
      <Filter>Resource Files\Data</Filter>
    </None>
    <None Include="Data\System.json">
      <Filter>Resource Files\Data</Filter>
    </None>
    <None Include="Data\AsteroidBig.json">
      <Filter>Resource Files\Data</Filter>
    </None>
    <None Include="Data\Laser.json">
      <Filter>Resource Files\Data</Filter>
    </None>
    <None Include="Data\EnemyShipB.json">
      <Filter>Resource Files\Data</Filter>
    </None>
    <None Include="Data\EnemyLaserA.json">
      <Filter>Resource Files\Data</Filter>
    </None>
    <None Include="Data\EnemyLaserB.json">
      <Filter>Resource Files\Data</Filter>
    </None>
  </ItemGroup>
</Project>